
Microsoft Visual Studio Solution File, Format Version 12.00
# Visual Studio 15
Project("{FAE04EC0-301F-11D3-BF4B-00C04F79EFBC}") = "displayJSON", "displayJSON\displayJSON.csproj", "{E6288CA9-5292-484A-9DC8-C23EDD8BA515}"
EndProject
Project("{FAE04EC0-301F-11D3-BF4B-00C04F79EFBC}") = "displayJSON.Tests", "displayJSON.Tests\displayJSON.Tests.csproj", "{1D4CBBB6-1136-45B8-9DC2-2AE0DD09E8CE}"
EndProject
Project("{2150E333-8FDC-42A3-9474-1A3956D46DE8}") = "Solution Items", "Solution Items", "{4303D3EF-092E-4144-94E8-B7706A1B5147}"
	ProjectSection(SolutionItems) = preProject
		displayJSON.sln = displayJSON.sln
	EndProjectSection
EndProject
Global
	GlobalSection(SolutionConfigurationPlatforms) = preSolution
		Debug|Any CPU = Debug|Any CPU
		Release|Any CPU = Release|Any CPU
	EndGlobalSection
	GlobalSection(ProjectConfigurationPlatforms) = postSolution
		{E6288CA9-5292-484A-9DC8-C23EDD8BA515}.Debug|Any CPU.ActiveCfg = Debug|Any CPU
		{E6288CA9-5292-484A-9DC8-C23EDD8BA515}.Debug|Any CPU.Build.0 = Debug|Any CPU
		{E6288CA9-5292-484A-9DC8-C23EDD8BA515}.Release|Any CPU.ActiveCfg = Release|Any CPU
		{E6288CA9-5292-484A-9DC8-C23EDD8BA515}.Release|Any CPU.Build.0 = Release|Any CPU
		{1D4CBBB6-1136-45B8-9DC2-2AE0DD09E8CE}.Debug|Any CPU.ActiveCfg = Debug|Any CPU
		{1D4CBBB6-1136-45B8-9DC2-2AE0DD09E8CE}.Debug|Any CPU.Build.0 = Debug|Any CPU
		{1D4CBBB6-1136-45B8-9DC2-2AE0DD09E8CE}.Release|Any CPU.ActiveCfg = Release|Any CPU
		{1D4CBBB6-1136-45B8-9DC2-2AE0DD09E8CE}.Release|Any CPU.Build.0 = Release|Any CPU
	EndGlobalSection
EndGlobal
